
Microsoft Visual Studio Solution File, Format Version 12.00
# Visual Studio 2013
VisualStudioVersion = 12.0.21005.1
MinimumVisualStudioVersion = 10.0.40219.1
Project("{54435603-DBB4-11D2-8724-00A0C9A8B90C}") = "Setup", "Setup\Setup.vdproj", "{6B8E5399-FE9E-4523-883E-BC70F2680194}"
EndProject
Global
	GlobalSection(SolutionConfigurationPlatforms) = preSolution
		Debug|Default = Debug|Default
		Release|Default = Release|Default
	EndGlobalSection
	GlobalSection(ProjectConfigurationPlatforms) = postSolution
		{6B8E5399-FE9E-4523-883E-BC70F2680194}.Debug|Default.ActiveCfg = Debug
		{6B8E5399-FE9E-4523-883E-BC70F2680194}.Debug|Default.Build.0 = Debug
		{6B8E5399-FE9E-4523-883E-BC70F2680194}.Release|Default.ActiveCfg = Release
		{6B8E5399-FE9E-4523-883E-BC70F2680194}.Release|Default.Build.0 = Release
	EndGlobalSection
	GlobalSection(SolutionProperties) = preSolution
		HideSolutionNode = FALSE
	EndGlobalSection
EndGlobal
